// !$*UTF8*$!
{
	archiveVersion = 1;
	classes = {
	};
	objectVersion = 46;
	objects = {

/* Begin PBXBuildFile section */
		D38B281D1F2BDD2B0071D5B9 /* AppDelegate.swift in Sources */ = {isa = PBXBuildFile; fileRef = D38B281C1F2BDD2B0071D5B9 /* AppDelegate.swift */; };
		D38B28221F2BDD2B0071D5B9 /* Main.storyboard in Resources */ = {isa = PBXBuildFile; fileRef = D38B28201F2BDD2B0071D5B9 /* Main.storyboard */; };
		D38B28241F2BDD2B0071D5B9 /* Assets.xcassets in Resources */ = {isa = PBXBuildFile; fileRef = D38B28231F2BDD2B0071D5B9 /* Assets.xcassets */; };
		D38B28271F2BDD2B0071D5B9 /* LaunchScreen.storyboard in Resources */ = {isa = PBXBuildFile; fileRef = D38B28251F2BDD2B0071D5B9 /* LaunchScreen.storyboard */; };
		D38B284F1F2BE6290071D5B9 /* OverviewViewController.swift in Sources */ = {isa = PBXBuildFile; fileRef = D38B284E1F2BE6290071D5B9 /* OverviewViewController.swift */; };
		D38B28511F2BE6430071D5B9 /* TodayViewController.swift in Sources */ = {isa = PBXBuildFile; fileRef = D38B28501F2BE6430071D5B9 /* TodayViewController.swift */; };
		D38B28531F2BE6520071D5B9 /* GroceryListViewController.swift in Sources */ = {isa = PBXBuildFile; fileRef = D38B28521F2BE6520071D5B9 /* GroceryListViewController.swift */; };
/* End PBXBuildFile section */

/* Begin PBXFileReference section */
		D38B28191F2BDD2B0071D5B9 /* MealPrep.app */ = {isa = PBXFileReference; explicitFileType = wrapper.application; includeInIndex = 0; path = MealPrep.app; sourceTree = BUILT_PRODUCTS_DIR; };
		D38B281C1F2BDD2B0071D5B9 /* AppDelegate.swift */ = {isa = PBXFileReference; lastKnownFileType = sourcecode.swift; path = AppDelegate.swift; sourceTree = "<group>"; };
		D38B28211F2BDD2B0071D5B9 /* Base */ = {isa = PBXFileReference; lastKnownFileType = file.storyboard; name = Base; path = Base.lproj/Main.storyboard; sourceTree = "<group>"; };
		D38B28231F2BDD2B0071D5B9 /* Assets.xcassets */ = {isa = PBXFileReference; lastKnownFileType = folder.assetcatalog; path = Assets.xcassets; sourceTree = "<group>"; };
		D38B28261F2BDD2B0071D5B9 /* Base */ = {isa = PBXFileReference; lastKnownFileType = file.storyboard; name = Base; path = Base.lproj/LaunchScreen.storyboard; sourceTree = "<group>"; };
		D38B28281F2BDD2B0071D5B9 /* Info.plist */ = {isa = PBXFileReference; lastKnownFileType = text.plist.xml; path = Info.plist; sourceTree = "<group>"; };
		D38B284E1F2BE6290071D5B9 /* OverviewViewController.swift */ = {isa = PBXFileReference; fileEncoding = 4; lastKnownFileType = sourcecode.swift; name = OverviewViewController.swift; path = ../OverviewViewController.swift; sourceTree = "<group>"; };
		D38B28501F2BE6430071D5B9 /* TodayViewController.swift */ = {isa = PBXFileReference; fileEncoding = 4; lastKnownFileType = sourcecode.swift; path = TodayViewController.swift; sourceTree = "<group>"; };
		D38B28521F2BE6520071D5B9 /* GroceryListViewController.swift */ = {isa = PBXFileReference; fileEncoding = 4; lastKnownFileType = sourcecode.swift; path = GroceryListViewController.swift; sourceTree = "<group>"; };
/* End PBXFileReference section */

/* Begin PBXFrameworksBuildPhase section */
		D38B28161F2BDD2B0071D5B9 /* Frameworks */ = {
			isa = PBXFrameworksBuildPhase;
			buildActionMask = 2147483647;
			files = (
			);
			runOnlyForDeploymentPostprocessing = 0;
		};
/* End PBXFrameworksBuildPhase section */

/* Begin PBXGroup section */
		D38B28101F2BDD2B0071D5B9 = {
			isa = PBXGroup;
			children = (
				D38B281B1F2BDD2B0071D5B9 /* MealPrep */,
				D38B281A1F2BDD2B0071D5B9 /* Products */,
			);
			sourceTree = "<group>";
		};
		D38B281A1F2BDD2B0071D5B9 /* Products */ = {
			isa = PBXGroup;
			children = (
				D38B28191F2BDD2B0071D5B9 /* MealPrep.app */,
			);
			name = Products;
			sourceTree = "<group>";
		};
		D38B281B1F2BDD2B0071D5B9 /* MealPrep */ = {
			isa = PBXGroup;
			children = (
				D38B284E1F2BE6290071D5B9 /* OverviewViewController.swift */,
				D38B28501F2BE6430071D5B9 /* TodayViewController.swift */,
				D38B28521F2BE6520071D5B9 /* GroceryListViewController.swift */,
				D38B281C1F2BDD2B0071D5B9 /* AppDelegate.swift */,
				D38B28201F2BDD2B0071D5B9 /* Main.storyboard */,
				D38B28231F2BDD2B0071D5B9 /* Assets.xcassets */,
				D38B28251F2BDD2B0071D5B9 /* LaunchScreen.storyboard */,
				D38B28281F2BDD2B0071D5B9 /* Info.plist */,
			);
			path = MealPrep;
			sourceTree = "<group>";
		};
/* End PBXGroup section */

/* Begin PBXNativeTarget section */
		D38B28181F2BDD2B0071D5B9 /* MealPrep */ = {
			isa = PBXNativeTarget;
			buildConfigurationList = D38B282B1F2BDD2B0071D5B9 /* Build configuration list for PBXNativeTarget "MealPrep" */;
			buildPhases = (
				D38B28151F2BDD2B0071D5B9 /* Sources */,
				D38B28161F2BDD2B0071D5B9 /* Frameworks */,
				D38B28171F2BDD2B0071D5B9 /* Resources */,
			);
			buildRules = (
			);
			dependencies = (
			);
			name = MealPrep;
			productName = MealPrep;
			productReference = D38B28191F2BDD2B0071D5B9 /* MealPrep.app */;
			productType = "com.apple.product-type.application";
		};
/* End PBXNativeTarget section */

/* Begin PBXProject section */
		D38B28111F2BDD2B0071D5B9 /* Project object */ = {
			isa = PBXProject;
			attributes = {
				LastSwiftUpdateCheck = 0830;
				LastUpgradeCheck = 0830;
				ORGANIZATIONNAME = BBMN;
				TargetAttributes = {
					D38B28181F2BDD2B0071D5B9 = {
						CreatedOnToolsVersion = 8.3.3;
						DevelopmentTeam = STA43KQ62L;
						ProvisioningStyle = Automatic;
					};
				};
			};
			buildConfigurationList = D38B28141F2BDD2B0071D5B9 /* Build configuration list for PBXProject "MealPrep" */;
			compatibilityVersion = "Xcode 3.2";
			developmentRegion = English;
			hasScannedForEncodings = 0;
			knownRegions = (
				en,
				Base,
			);
			mainGroup = D38B28101F2BDD2B0071D5B9;
			productRefGroup = D38B281A1F2BDD2B0071D5B9 /* Products */;
			projectDirPath = "";
			projectRoot = "";
			targets = (
				D38B28181F2BDD2B0071D5B9 /* MealPrep */,
			);
		};
/* End PBXProject section */

/* Begin PBXResourcesBuildPhase section */
		D38B28171F2BDD2B0071D5B9 /* Resources */ = {
			isa = PBXResourcesBuildPhase;
			buildActionMask = 2147483647;
			files = (
				D38B28271F2BDD2B0071D5B9 /* LaunchScreen.storyboard in Resources */,
				D38B28241F2BDD2B0071D5B9 /* Assets.xcassets in Resources */,
				D38B28221F2BDD2B0071D5B9 /* Main.storyboard in Resources */,
			);
			runOnlyForDeploymentPostprocessing = 0;
		};
/* End PBXResourcesBuildPhase section */

/* Begin PBXSourcesBuildPhase section */
		D38B28151F2BDD2B0071D5B9 /* Sources */ = {
			isa = PBXSourcesBuildPhase;
			buildActionMask = 2147483647;
			files = (
				D38B28531F2BE6520071D5B9 /* GroceryListViewController.swift in Sources */,
				D38B281D1F2BDD2B0071D5B9 /* AppDelegate.swift in Sources */,
				D38B284F1F2BE6290071D5B9 /* OverviewViewController.swift in Sources */,
				D38B28511F2BE6430071D5B9 /* TodayViewController.swift in Sources */,
			);
			runOnlyForDeploymentPostprocessing = 0;
		};
/* End PBXSourcesBuildPhase section */

/* Begin PBXVariantGroup section */
		D38B28201F2BDD2B0071D5B9 /* Main.storyboard */ = {
			isa = PBXVariantGroup;
			children = (
				D38B28211F2BDD2B0071D5B9 /* Base */,
			);
			name = Main.storyboard;
			sourceTree = "<group>";
		};
		D38B28251F2BDD2B0071D5B9 /* LaunchScreen.storyboard */ = {
			isa = PBXVariantGroup;
			children = (
				D38B28261F2BDD2B0071D5B9 /* Base */,
			);
			name = LaunchScreen.storyboard;
			sourceTree = "<group>";
		};
/* End PBXVariantGroup section */

/* Begin XCBuildConfiguration section */
		D38B28291F2BDD2B0071D5B9 /* Debug */ = {
			isa = XCBuildConfiguration;
			buildSettings = {
				ALWAYS_SEARCH_USER_PATHS = NO;
				CLANG_ANALYZER_NONNULL = YES;
				CLANG_ANALYZER_NUMBER_OBJECT_CONVERSION = YES_AGGRESSIVE;
				CLANG_CXX_LANGUAGE_STANDARD = "gnu++0x";
				CLANG_CXX_LIBRARY = "libc++";
				CLANG_ENABLE_MODULES = YES;
				CLANG_ENABLE_OBJC_ARC = YES;
				CLANG_WARN_BOOL_CONVERSION = YES;
				CLANG_WARN_CONSTANT_CONVERSION = YES;
				CLANG_WARN_DIRECT_OBJC_ISA_USAGE = YES_ERROR;
				CLANG_WARN_DOCUMENTATION_COMMENTS = YES;
				CLANG_WARN_EMPTY_BODY = YES;
				CLANG_WARN_ENUM_CONVERSION = YES;
				CLANG_WARN_INFINITE_RECURSION = YES;
				CLANG_WARN_INT_CONVERSION = YES;
				CLANG_WARN_OBJC_ROOT_CLASS = YES_ERROR;
				CLANG_WARN_SUSPICIOUS_MOVE = YES;
				CLANG_WARN_UNREACHABLE_CODE = YES;
				CLANG_WARN__DUPLICATE_METHOD_MATCH = YES;
				"CODE_SIGN_IDENTITY[sdk=iphoneos*]" = "iPhone Developer";
				COPY_PHASE_STRIP = NO;
				DEBUG_INFORMATION_FORMAT = dwarf;
				ENABLE_STRICT_OBJC_MSGSEND = YES;
				ENABLE_TESTABILITY = YES;
				GCC_C_LANGUAGE_STANDARD = gnu99;
				GCC_DYNAMIC_NO_PIC = NO;
				GCC_NO_COMMON_BLOCKS = YES;
				GCC_OPTIMIZATION_LEVEL = 0;
				GCC_PREPROCESSOR_DEFINITIONS = (
					"DEBUG=1",
					"$(inherited)",
				);
				GCC_WARN_64_TO_32_BIT_CONVERSION = YES;
				GCC_WARN_ABOUT_RETURN_TYPE = YES_ERROR;
				GCC_WARN_UNDECLARED_SELECTOR = YES;
				GCC_WARN_UNINITIALIZED_AUTOS = YES_AGGRESSIVE;
				GCC_WARN_UNUSED_FUNCTION = YES;
				GCC_WARN_UNUSED_VARIABLE = YES;
				IPHONEOS_DEPLOYMENT_TARGET = 10.3;
				MTL_ENABLE_DEBUG_INFO = YES;
				ONLY_ACTIVE_ARCH = YES;
				SDKROOT = iphoneos;
				SWIFT_ACTIVE_COMPILATION_CONDITIONS = DEBUG;
				SWIFT_OPTIMIZATION_LEVEL = "-Onone";
				TARGETED_DEVICE_FAMILY = "1,2";
			};
			name = Debug;
		};
		D38B282A1F2BDD2B0071D5B9 /* Release */ = {
			isa = XCBuildConfiguration;
			buildSettings = {
				ALWAYS_SEARCH_USER_PATHS = NO;
				CLANG_ANALYZER_NONNULL = YES;
				CLANG_ANALYZER_NUMBER_OBJECT_CONVERSION = YES_AGGRESSIVE;
				CLANG_CXX_LANGUAGE_STANDARD = "gnu++0x";
				CLANG_CXX_LIBRARY = "libc++";
				CLANG_ENABLE_MODULES = YES;
				CLANG_ENABLE_OBJC_ARC = YES;
				CLANG_WARN_BOOL_CONVERSION = YES;
				CLANG_WARN_CONSTANT_CONVERSION = YES;
				CLANG_WARN_DIRECT_OBJC_ISA_USAGE = YES_ERROR;
				CLANG_WARN_DOCUMENTATION_COMMENTS = YES;
				CLANG_WARN_EMPTY_BODY = YES;
				CLANG_WARN_ENUM_CONVERSION = YES;
				CLANG_WARN_INFINITE_RECURSION = YES;
				CLANG_WARN_INT_CONVERSION = YES;
				CLANG_WARN_OBJC_ROOT_CLASS = YES_ERROR;
				CLANG_WARN_SUSPICIOUS_MOVE = YES;
				CLANG_WARN_UNREACHABLE_CODE = YES;
				CLANG_WARN__DUPLICATE_METHOD_MATCH = YES;
				"CODE_SIGN_IDENTITY[sdk=iphoneos*]" = "iPhone Developer";
				COPY_PHASE_STRIP = NO;
				DEBUG_INFORMATION_FORMAT = "dwarf-with-dsym";
				ENABLE_NS_ASSERTIONS = NO;
				ENABLE_STRICT_OBJC_MSGSEND = YES;
				GCC_C_LANGUAGE_STANDARD = gnu99;
				GCC_NO_COMMON_BLOCKS = YES;
				GCC_WARN_64_TO_32_BIT_CONVERSION = YES;
				GCC_WARN_ABOUT_RETURN_TYPE = YES_ERROR;
				GCC_WARN_UNDECLARED_SELECTOR = YES;
				GCC_WARN_UNINITIALIZED_AUTOS = YES_AGGRESSIVE;
				GCC_WARN_UNUSED_FUNCTION = YES;
				GCC_WARN_UNUSED_VARIABLE = YES;
				IPHONEOS_DEPLOYMENT_TARGET = 10.3;
				MTL_ENABLE_DEBUG_INFO = NO;
				SDKROOT = iphoneos;
				SWIFT_OPTIMIZATION_LEVEL = "-Owholemodule";
				TARGETED_DEVICE_FAMILY = "1,2";
				VALIDATE_PRODUCT = YES;
			};
			name = Release;
		};
		D38B282C1F2BDD2B0071D5B9 /* Debug */ = {
			isa = XCBuildConfiguration;
			buildSettings = {
				ASSETCATALOG_COMPILER_APPICON_NAME = AppIcon;
				DEVELOPMENT_TEAM = STA43KQ62L;
				INFOPLIST_FILE = MealPrep/Info.plist;
				LD_RUNPATH_SEARCH_PATHS = "$(inherited) @executable_path/Frameworks";
				PRODUCT_BUNDLE_IDENTIFIER = com.BBMN.MealPrep;
				PRODUCT_NAME = "$(TARGET_NAME)";
				SWIFT_VERSION = 3.0;
			};
			name = Debug;
		};
		D38B282D1F2BDD2B0071D5B9 /* Release */ = {
			isa = XCBuildConfiguration;
			buildSettings = {
				ASSETCATALOG_COMPILER_APPICON_NAME = AppIcon;
				DEVELOPMENT_TEAM = STA43KQ62L;
				INFOPLIST_FILE = MealPrep/Info.plist;
				LD_RUNPATH_SEARCH_PATHS = "$(inherited) @executable_path/Frameworks";
				PRODUCT_BUNDLE_IDENTIFIER = com.BBMN.MealPrep;
				PRODUCT_NAME = "$(TARGET_NAME)";
				SWIFT_VERSION = 3.0;
			};
			name = Release;
		};
/* End XCBuildConfiguration section */

/* Begin XCConfigurationList section */
		D38B28141F2BDD2B0071D5B9 /* Build configuration list for PBXProject "MealPrep" */ = {
			isa = XCConfigurationList;
			buildConfigurations = (
				D38B28291F2BDD2B0071D5B9 /* Debug */,
				D38B282A1F2BDD2B0071D5B9 /* Release */,
			);
			defaultConfigurationIsVisible = 0;
			defaultConfigurationName = Release;
		};
		D38B282B1F2BDD2B0071D5B9 /* Build configuration list for PBXNativeTarget "MealPrep" */ = {
			isa = XCConfigurationList;
			buildConfigurations = (
				D38B282C1F2BDD2B0071D5B9 /* Debug */,
				D38B282D1F2BDD2B0071D5B9 /* Release */,
			);
			defaultConfigurationIsVisible = 0;
		};
/* End XCConfigurationList section */
	};
	rootObject = D38B28111F2BDD2B0071D5B9 /* Project object */;
}
